// !$*UTF8*$!
{
	archiveVersion = 1;
	classes = {
	};
	objectVersion = 56;
	objects = {

/* Begin PBXBuildFile section */
		4A35A0842B039A8600A649DE /* InboxView.swift in Sources */ = {isa = PBXBuildFile; fileRef = 4A35A0832B039A8600A649DE /* InboxView.swift */; };
		4A35A0872B039B6000A649DE /* ActiveNowView.swift in Sources */ = {isa = PBXBuildFile; fileRef = 4A35A0862B039B6000A649DE /* ActiveNowView.swift */; };
		4A35A0892B039CA100A649DE /* InboxRowView.swift in Sources */ = {isa = PBXBuildFile; fileRef = 4A35A0882B039CA100A649DE /* InboxRowView.swift */; };
		4A35A08C2B03A00900A649DE /* NewMessageView.swift in Sources */ = {isa = PBXBuildFile; fileRef = 4A35A08B2B03A00900A649DE /* NewMessageView.swift */; };
		4A35A0912B03A4BA00A649DE /* ProfileView.swift in Sources */ = {isa = PBXBuildFile; fileRef = 4A35A0902B03A4BA00A649DE /* ProfileView.swift */; };
		4A35A0932B03A4E900A649DE /* SettingsOptionsViewModel.swift in Sources */ = {isa = PBXBuildFile; fileRef = 4A35A0922B03A4E900A649DE /* SettingsOptionsViewModel.swift */; };
		4A35A0952B03A78500A649DE /* ProfileViewModel.swift in Sources */ = {isa = PBXBuildFile; fileRef = 4A35A0942B03A78500A649DE /* ProfileViewModel.swift */; };
		4A35A0972B03A97600A649DE /* User.swift in Sources */ = {isa = PBXBuildFile; fileRef = 4A35A0962B03A97600A649DE /* User.swift */; };
		4A35A09A2B03B35000A649DE /* CircularProfileImageView.swift in Sources */ = {isa = PBXBuildFile; fileRef = 4A35A0992B03B35000A649DE /* CircularProfileImageView.swift */; };
		4A35A09D2B03B69600A649DE /* ChatView.swift in Sources */ = {isa = PBXBuildFile; fileRef = 4A35A09C2B03B69600A649DE /* ChatView.swift */; };
		4A35A09F2B03B88F00A649DE /* ChatMessageCell.swift in Sources */ = {isa = PBXBuildFile; fileRef = 4A35A09E2B03B88F00A649DE /* ChatMessageCell.swift */; };
		4A35A0A12B03BB7400A649DE /* ChatBubble.swift in Sources */ = {isa = PBXBuildFile; fileRef = 4A35A0A02B03BB7400A649DE /* ChatBubble.swift */; };
		4A70BC802AC1B07100BA1B2D /* LoginView.swift in Sources */ = {isa = PBXBuildFile; fileRef = 4A70BC7F2AC1B07100BA1B2D /* LoginView.swift */; };
		4A79807E2B0B55F800188957 /* FirebaseAnalytics in Frameworks */ = {isa = PBXBuildFile; productRef = 4A79807D2B0B55F800188957 /* FirebaseAnalytics */; };
		4A7980802B0B55F800188957 /* FirebaseAnalyticsOnDeviceConversion in Frameworks */ = {isa = PBXBuildFile; productRef = 4A79807F2B0B55F800188957 /* FirebaseAnalyticsOnDeviceConversion */; };
		4A7980822B0B55F800188957 /* FirebaseAnalyticsSwift in Frameworks */ = {isa = PBXBuildFile; productRef = 4A7980812B0B55F800188957 /* FirebaseAnalyticsSwift */; };
		4A7980842B0B55F800188957 /* FirebaseAnalyticsWithoutAdIdSupport in Frameworks */ = {isa = PBXBuildFile; productRef = 4A7980832B0B55F800188957 /* FirebaseAnalyticsWithoutAdIdSupport */; };
		4A7980862B0B55F800188957 /* FirebaseAppCheck in Frameworks */ = {isa = PBXBuildFile; productRef = 4A7980852B0B55F800188957 /* FirebaseAppCheck */; };
		4A7980882B0B55F800188957 /* FirebaseAppDistribution-Beta in Frameworks */ = {isa = PBXBuildFile; productRef = 4A7980872B0B55F800188957 /* FirebaseAppDistribution-Beta */; };
		4A79808A2B0B55F800188957 /* FirebaseAuth in Frameworks */ = {isa = PBXBuildFile; productRef = 4A7980892B0B55F800188957 /* FirebaseAuth */; };
		4A79808C2B0B55F800188957 /* FirebaseAuthCombine-Community in Frameworks */ = {isa = PBXBuildFile; productRef = 4A79808B2B0B55F800188957 /* FirebaseAuthCombine-Community */; };
		4A79808E2B0B55F800188957 /* FirebaseCrashlytics in Frameworks */ = {isa = PBXBuildFile; productRef = 4A79808D2B0B55F800188957 /* FirebaseCrashlytics */; };
		4A7980902B0B55F800188957 /* FirebaseDatabase in Frameworks */ = {isa = PBXBuildFile; productRef = 4A79808F2B0B55F800188957 /* FirebaseDatabase */; };
		4A7980922B0B55F800188957 /* FirebaseDatabaseSwift in Frameworks */ = {isa = PBXBuildFile; productRef = 4A7980912B0B55F800188957 /* FirebaseDatabaseSwift */; };
		4A7980942B0B55F800188957 /* FirebaseFirestore in Frameworks */ = {isa = PBXBuildFile; productRef = 4A7980932B0B55F800188957 /* FirebaseFirestore */; };
		4A7980962B0B55F800188957 /* FirebaseFirestoreSwift in Frameworks */ = {isa = PBXBuildFile; productRef = 4A7980952B0B55F800188957 /* FirebaseFirestoreSwift */; };
		4A7980982B0B55F800188957 /* FirebaseStorage in Frameworks */ = {isa = PBXBuildFile; productRef = 4A7980972B0B55F800188957 /* FirebaseStorage */; };
		4A79809E2B0B57A000188957 /* LoginViewModel.swift in Sources */ = {isa = PBXBuildFile; fileRef = 4A79809D2B0B57A000188957 /* LoginViewModel.swift */; };
		4A7980A02B0B57E800188957 /* RegistrationViewModel.swift in Sources */ = {isa = PBXBuildFile; fileRef = 4A79809F2B0B57E800188957 /* RegistrationViewModel.swift */; };
		4A7980A22B0B580C00188957 /* AuthService.swift in Sources */ = {isa = PBXBuildFile; fileRef = 4A7980A12B0B580C00188957 /* AuthService.swift */; };
		4A7980A82B0B5BCA00188957 /* ContentViewModel.swift in Sources */ = {isa = PBXBuildFile; fileRef = 4A7980A72B0B5BCA00188957 /* ContentViewModel.swift */; };
		4A7980AC2B0B61F200188957 /* UserService.swift in Sources */ = {isa = PBXBuildFile; fileRef = 4A7980AB2B0B61F200188957 /* UserService.swift */; };
		4A7980B02B0B645C00188957 /* InboxViewModel.swift in Sources */ = {isa = PBXBuildFile; fileRef = 4A7980AF2B0B645C00188957 /* InboxViewModel.swift */; };
		4AA7783D2A5840F600FA3AEF /* MessengerSwiftUIApp.swift in Sources */ = {isa = PBXBuildFile; fileRef = 4AA7783C2A5840F600FA3AEF /* MessengerSwiftUIApp.swift */; };
		4AA7783F2A5840F600FA3AEF /* ContentView.swift in Sources */ = {isa = PBXBuildFile; fileRef = 4AA7783E2A5840F600FA3AEF /* ContentView.swift */; };
		4AA778412A5840F700FA3AEF /* Assets.xcassets in Resources */ = {isa = PBXBuildFile; fileRef = 4AA778402A5840F700FA3AEF /* Assets.xcassets */; };
		4AA778442A5840F700FA3AEF /* Preview Assets.xcassets in Resources */ = {isa = PBXBuildFile; fileRef = 4AA778432A5840F700FA3AEF /* Preview Assets.xcassets */; };
		4AA831492AC1B66C006513D8 /* RegistrationView.swift in Sources */ = {isa = PBXBuildFile; fileRef = 4AA831482AC1B66C006513D8 /* RegistrationView.swift */; };
/* End PBXBuildFile section */

/* Begin PBXFileReference section */
		4A35A0832B039A8600A649DE /* InboxView.swift */ = {isa = PBXFileReference; lastKnownFileType = sourcecode.swift; path = InboxView.swift; sourceTree = "<group>"; };
		4A35A0862B039B6000A649DE /* ActiveNowView.swift */ = {isa = PBXFileReference; lastKnownFileType = sourcecode.swift; path = ActiveNowView.swift; sourceTree = "<group>"; };
		4A35A0882B039CA100A649DE /* InboxRowView.swift */ = {isa = PBXFileReference; lastKnownFileType = sourcecode.swift; path = InboxRowView.swift; sourceTree = "<group>"; };
		4A35A08B2B03A00900A649DE /* NewMessageView.swift */ = {isa = PBXFileReference; lastKnownFileType = sourcecode.swift; path = NewMessageView.swift; sourceTree = "<group>"; };
		4A35A0902B03A4BA00A649DE /* ProfileView.swift */ = {isa = PBXFileReference; lastKnownFileType = sourcecode.swift; path = ProfileView.swift; sourceTree = "<group>"; };
		4A35A0922B03A4E900A649DE /* SettingsOptionsViewModel.swift */ = {isa = PBXFileReference; lastKnownFileType = sourcecode.swift; path = SettingsOptionsViewModel.swift; sourceTree = "<group>"; };
		4A35A0942B03A78500A649DE /* ProfileViewModel.swift */ = {isa = PBXFileReference; lastKnownFileType = sourcecode.swift; path = ProfileViewModel.swift; sourceTree = "<group>"; };
		4A35A0962B03A97600A649DE /* User.swift */ = {isa = PBXFileReference; lastKnownFileType = sourcecode.swift; path = User.swift; sourceTree = "<group>"; };
		4A35A0992B03B35000A649DE /* CircularProfileImageView.swift */ = {isa = PBXFileReference; lastKnownFileType = sourcecode.swift; path = CircularProfileImageView.swift; sourceTree = "<group>"; };
		4A35A09C2B03B69600A649DE /* ChatView.swift */ = {isa = PBXFileReference; lastKnownFileType = sourcecode.swift; path = ChatView.swift; sourceTree = "<group>"; };
		4A35A09E2B03B88F00A649DE /* ChatMessageCell.swift */ = {isa = PBXFileReference; lastKnownFileType = sourcecode.swift; path = ChatMessageCell.swift; sourceTree = "<group>"; };
		4A35A0A02B03BB7400A649DE /* ChatBubble.swift */ = {isa = PBXFileReference; lastKnownFileType = sourcecode.swift; path = ChatBubble.swift; sourceTree = "<group>"; };
		4A70BC7F2AC1B07100BA1B2D /* LoginView.swift */ = {isa = PBXFileReference; lastKnownFileType = sourcecode.swift; path = LoginView.swift; sourceTree = "<group>"; };
		4A79809D2B0B57A000188957 /* LoginViewModel.swift */ = {isa = PBXFileReference; lastKnownFileType = sourcecode.swift; path = LoginViewModel.swift; sourceTree = "<group>"; };
		4A79809F2B0B57E800188957 /* RegistrationViewModel.swift */ = {isa = PBXFileReference; lastKnownFileType = sourcecode.swift; path = RegistrationViewModel.swift; sourceTree = "<group>"; };
		4A7980A12B0B580C00188957 /* AuthService.swift */ = {isa = PBXFileReference; lastKnownFileType = sourcecode.swift; path = AuthService.swift; sourceTree = "<group>"; };
		4A7980A72B0B5BCA00188957 /* ContentViewModel.swift */ = {isa = PBXFileReference; lastKnownFileType = sourcecode.swift; path = ContentViewModel.swift; sourceTree = "<group>"; };
		4A7980AB2B0B61F200188957 /* UserService.swift */ = {isa = PBXFileReference; lastKnownFileType = sourcecode.swift; path = UserService.swift; sourceTree = "<group>"; };
		4A7980AF2B0B645C00188957 /* InboxViewModel.swift */ = {isa = PBXFileReference; lastKnownFileType = sourcecode.swift; path = InboxViewModel.swift; sourceTree = "<group>"; };
		4AA778392A5840F600FA3AEF /* MessengerSwiftUI.app */ = {isa = PBXFileReference; explicitFileType = wrapper.application; includeInIndex = 0; path = MessengerSwiftUI.app; sourceTree = BUILT_PRODUCTS_DIR; };
		4AA7783C2A5840F600FA3AEF /* MessengerSwiftUIApp.swift */ = {isa = PBXFileReference; lastKnownFileType = sourcecode.swift; path = MessengerSwiftUIApp.swift; sourceTree = "<group>"; };
		4AA7783E2A5840F600FA3AEF /* ContentView.swift */ = {isa = PBXFileReference; lastKnownFileType = sourcecode.swift; path = ContentView.swift; sourceTree = "<group>"; };
		4AA778402A5840F700FA3AEF /* Assets.xcassets */ = {isa = PBXFileReference; lastKnownFileType = folder.assetcatalog; path = Assets.xcassets; sourceTree = "<group>"; };
		4AA778432A5840F700FA3AEF /* Preview Assets.xcassets */ = {isa = PBXFileReference; lastKnownFileType = folder.assetcatalog; path = "Preview Assets.xcassets"; sourceTree = "<group>"; };
		4AA831482AC1B66C006513D8 /* RegistrationView.swift */ = {isa = PBXFileReference; lastKnownFileType = sourcecode.swift; path = RegistrationView.swift; sourceTree = "<group>"; };
/* End PBXFileReference section */

/* Begin PBXFrameworksBuildPhase section */
		4AA778362A5840F600FA3AEF /* Frameworks */ = {
			isa = PBXFrameworksBuildPhase;
			buildActionMask = 2147483647;
			files = (
				4A7980902B0B55F800188957 /* FirebaseDatabase in Frameworks */,
				4A7980822B0B55F800188957 /* FirebaseAnalyticsSwift in Frameworks */,
				4A79807E2B0B55F800188957 /* FirebaseAnalytics in Frameworks */,
				4A7980802B0B55F800188957 /* FirebaseAnalyticsOnDeviceConversion in Frameworks */,
				4A7980862B0B55F800188957 /* FirebaseAppCheck in Frameworks */,
				4A7980942B0B55F800188957 /* FirebaseFirestore in Frameworks */,
				4A7980842B0B55F800188957 /* FirebaseAnalyticsWithoutAdIdSupport in Frameworks */,
				4A7980962B0B55F800188957 /* FirebaseFirestoreSwift in Frameworks */,
				4A79808A2B0B55F800188957 /* FirebaseAuth in Frameworks */,
				4A79808E2B0B55F800188957 /* FirebaseCrashlytics in Frameworks */,
				4A7980922B0B55F800188957 /* FirebaseDatabaseSwift in Frameworks */,
				4A7980982B0B55F800188957 /* FirebaseStorage in Frameworks */,
				4A7980882B0B55F800188957 /* FirebaseAppDistribution-Beta in Frameworks */,
				4A79808C2B0B55F800188957 /* FirebaseAuthCombine-Community in Frameworks */,
			);
			runOnlyForDeploymentPostprocessing = 0;
		};
/* End PBXFrameworksBuildPhase section */

/* Begin PBXGroup section */
		4A35A0822B039A6E00A649DE /* Inbox */ = {
			isa = PBXGroup;
			children = (
				4A7980AE2B0B643B00188957 /* View */,
				4A7980AD2B0B643900188957 /* ViewModel */,
			);
			path = Inbox;
			sourceTree = "<group>";
		};
		4A35A0852B039B4E00A649DE /* ActiveNow */ = {
			isa = PBXGroup;
			children = (
				4A35A0862B039B6000A649DE /* ActiveNowView.swift */,
			);
			path = ActiveNow;
			sourceTree = "<group>";
		};
		4A35A08A2B039FE700A649DE /* NewMessage */ = {
			isa = PBXGroup;
			children = (
				4A35A08B2B03A00900A649DE /* NewMessageView.swift */,
			);
			path = NewMessage;
			sourceTree = "<group>";
		};
		4A35A08D2B03A48E00A649DE /* Profile */ = {
			isa = PBXGroup;
			children = (
				4A35A08F2B03A4A300A649DE /* View */,
				4A35A08E2B03A4A100A649DE /* ViewModel */,
			);
			path = Profile;
			sourceTree = "<group>";
		};
		4A35A08E2B03A4A100A649DE /* ViewModel */ = {
			isa = PBXGroup;
			children = (
				4A35A0922B03A4E900A649DE /* SettingsOptionsViewModel.swift */,
				4A35A0942B03A78500A649DE /* ProfileViewModel.swift */,
			);
			path = ViewModel;
			sourceTree = "<group>";
		};
		4A35A08F2B03A4A300A649DE /* View */ = {
			isa = PBXGroup;
			children = (
				4A35A0902B03A4BA00A649DE /* ProfileView.swift */,
			);
			path = View;
			sourceTree = "<group>";
		};
		4A35A0982B03B33400A649DE /* Components */ = {
			isa = PBXGroup;
			children = (
				4A35A0992B03B35000A649DE /* CircularProfileImageView.swift */,
			);
			path = Components;
			sourceTree = "<group>";
		};
		4A35A09B2B03B68100A649DE /* Chat */ = {
			isa = PBXGroup;
			children = (
				4A35A09C2B03B69600A649DE /* ChatView.swift */,
				4A35A09E2B03B88F00A649DE /* ChatMessageCell.swift */,
				4A35A0A02B03BB7400A649DE /* ChatBubble.swift */,
			);
			path = Chat;
			sourceTree = "<group>";
		};
		4A70BC772AC1AEC200BA1B2D /* Service */ = {
			isa = PBXGroup;
			children = (
				4A7980AB2B0B61F200188957 /* UserService.swift */,
			);
			path = Service;
			sourceTree = "<group>";
		};
		4A70BC782AC1AECD00BA1B2D /* Model */ = {
			isa = PBXGroup;
			children = (
				4A35A0962B03A97600A649DE /* User.swift */,
			);
			path = Model;
			sourceTree = "<group>";
		};
		4A70BC792AC1AED400BA1B2D /* Core */ = {
			isa = PBXGroup;
			children = (
				4A35A0852B039B4E00A649DE /* ActiveNow */,
				4A70BC7C2AC1B01D00BA1B2D /* Authentication */,
				4A35A09B2B03B68100A649DE /* Chat */,
				4A35A0982B03B33400A649DE /* Components */,
				4A35A0822B039A6E00A649DE /* Inbox */,
				4A35A08A2B039FE700A649DE /* NewMessage */,
				4A35A08D2B03A48E00A649DE /* Profile */,
				4A70BC7D2AC1B02F00BA1B2D /* Root */,
			);
			path = Core;
			sourceTree = "<group>";
		};
		4A70BC7A2AC1AEDD00BA1B2D /* Extensions */ = {
			isa = PBXGroup;
			children = (
			);
			path = Extensions;
			sourceTree = "<group>";
		};
		4A70BC7B2AC1AEEC00BA1B2D /* App */ = {
			isa = PBXGroup;
			children = (
				4AA7783C2A5840F600FA3AEF /* MessengerSwiftUIApp.swift */,
			);
			path = App;
			sourceTree = "<group>";
		};
		4A70BC7C2AC1B01D00BA1B2D /* Authentication */ = {
			isa = PBXGroup;
			children = (
				4A79809B2B0B577B00188957 /* Service */,
				4A79809C2B0B578500188957 /* ViewModel */,
				4A70BC7E2AC1B05900BA1B2D /* View */,
			);
			path = Authentication;
			sourceTree = "<group>";
		};
		4A70BC7D2AC1B02F00BA1B2D /* Root */ = {
			isa = PBXGroup;
			children = (
				4A7980A62B0B5BAC00188957 /* View */,
				4A7980A52B0B5BAB00188957 /* ViewModel */,
			);
			path = Root;
			sourceTree = "<group>";
		};
		4A70BC7E2AC1B05900BA1B2D /* View */ = {
			isa = PBXGroup;
			children = (
				4A70BC7F2AC1B07100BA1B2D /* LoginView.swift */,
				4AA831482AC1B66C006513D8 /* RegistrationView.swift */,
			);
			path = View;
			sourceTree = "<group>";
		};
		4A79809B2B0B577B00188957 /* Service */ = {
			isa = PBXGroup;
			children = (
				4A7980A12B0B580C00188957 /* AuthService.swift */,
			);
			path = Service;
			sourceTree = "<group>";
		};
		4A79809C2B0B578500188957 /* ViewModel */ = {
			isa = PBXGroup;
			children = (
				4A79809D2B0B57A000188957 /* LoginViewModel.swift */,
				4A79809F2B0B57E800188957 /* RegistrationViewModel.swift */,
			);
			path = ViewModel;
			sourceTree = "<group>";
		};
		4A7980A52B0B5BAB00188957 /* ViewModel */ = {
			isa = PBXGroup;
			children = (
				4A7980A72B0B5BCA00188957 /* ContentViewModel.swift */,
			);
			path = ViewModel;
			sourceTree = "<group>";
		};
		4A7980A62B0B5BAC00188957 /* View */ = {
			isa = PBXGroup;
			children = (
				4AA7783E2A5840F600FA3AEF /* ContentView.swift */,
			);
			path = View;
			sourceTree = "<group>";
		};
		4A7980AD2B0B643900188957 /* ViewModel */ = {
			isa = PBXGroup;
			children = (
				4A7980AF2B0B645C00188957 /* InboxViewModel.swift */,
			);
			path = ViewModel;
			sourceTree = "<group>";
		};
		4A7980AE2B0B643B00188957 /* View */ = {
			isa = PBXGroup;
			children = (
				4A35A0832B039A8600A649DE /* InboxView.swift */,
				4A35A0882B039CA100A649DE /* InboxRowView.swift */,
			);
			path = View;
			sourceTree = "<group>";
		};
		4AA778302A5840F600FA3AEF = {
			isa = PBXGroup;
			children = (
				4AA7783B2A5840F600FA3AEF /* MessengerSwiftUI */,
				4AA7783A2A5840F600FA3AEF /* Products */,
			);
			sourceTree = "<group>";
		};
		4AA7783A2A5840F600FA3AEF /* Products */ = {
			isa = PBXGroup;
			children = (
				4AA778392A5840F600FA3AEF /* MessengerSwiftUI.app */,
			);
			name = Products;
			sourceTree = "<group>";
		};
		4AA7783B2A5840F600FA3AEF /* MessengerSwiftUI */ = {
			isa = PBXGroup;
			children = (
				4A70BC7B2AC1AEEC00BA1B2D /* App */,
				4A70BC7A2AC1AEDD00BA1B2D /* Extensions */,
				4A70BC792AC1AED400BA1B2D /* Core */,
				4A70BC782AC1AECD00BA1B2D /* Model */,
				4A70BC772AC1AEC200BA1B2D /* Service */,
				4AA778402A5840F700FA3AEF /* Assets.xcassets */,
				4AA778422A5840F700FA3AEF /* Preview Content */,
			);
			path = MessengerSwiftUI;
			sourceTree = "<group>";
		};
		4AA778422A5840F700FA3AEF /* Preview Content */ = {
			isa = PBXGroup;
			children = (
				4AA778432A5840F700FA3AEF /* Preview Assets.xcassets */,
			);
			path = "Preview Content";
			sourceTree = "<group>";
		};
/* End PBXGroup section */

/* Begin PBXNativeTarget section */
		4AA778382A5840F600FA3AEF /* MessengerSwiftUI */ = {
			isa = PBXNativeTarget;
			buildConfigurationList = 4AA778472A5840F700FA3AEF /* Build configuration list for PBXNativeTarget "MessengerSwiftUI" */;
			buildPhases = (
				4AA778352A5840F600FA3AEF /* Sources */,
				4AA778362A5840F600FA3AEF /* Frameworks */,
				4AA778372A5840F600FA3AEF /* Resources */,
			);
			buildRules = (
			);
			dependencies = (
			);
			name = MessengerSwiftUI;
			packageProductDependencies = (
				4A79807D2B0B55F800188957 /* FirebaseAnalytics */,
				4A79807F2B0B55F800188957 /* FirebaseAnalyticsOnDeviceConversion */,
				4A7980812B0B55F800188957 /* FirebaseAnalyticsSwift */,
				4A7980832B0B55F800188957 /* FirebaseAnalyticsWithoutAdIdSupport */,
				4A7980852B0B55F800188957 /* FirebaseAppCheck */,
				4A7980872B0B55F800188957 /* FirebaseAppDistribution-Beta */,
				4A7980892B0B55F800188957 /* FirebaseAuth */,
				4A79808B2B0B55F800188957 /* FirebaseAuthCombine-Community */,
				4A79808D2B0B55F800188957 /* FirebaseCrashlytics */,
				4A79808F2B0B55F800188957 /* FirebaseDatabase */,
				4A7980912B0B55F800188957 /* FirebaseDatabaseSwift */,
				4A7980932B0B55F800188957 /* FirebaseFirestore */,
				4A7980952B0B55F800188957 /* FirebaseFirestoreSwift */,
				4A7980972B0B55F800188957 /* FirebaseStorage */,
			);
			productName = MessengerSwiftUI;
			productReference = 4AA778392A5840F600FA3AEF /* MessengerSwiftUI.app */;
			productType = "com.apple.product-type.application";
		};
/* End PBXNativeTarget section */

/* Begin PBXProject section */
		4AA778312A5840F600FA3AEF /* Project object */ = {
			isa = PBXProject;
			attributes = {
				BuildIndependentTargetsInParallel = 1;
				LastSwiftUpdateCheck = 1430;
				LastUpgradeCheck = 1430;
				TargetAttributes = {
					4AA778382A5840F600FA3AEF = {
						CreatedOnToolsVersion = 14.3.1;
					};
				};
			};
			buildConfigurationList = 4AA778342A5840F600FA3AEF /* Build configuration list for PBXProject "MessengerSwiftUI" */;
			compatibilityVersion = "Xcode 14.0";
			developmentRegion = en;
			hasScannedForEncodings = 0;
			knownRegions = (
				en,
				Base,
			);
			mainGroup = 4AA778302A5840F600FA3AEF;
			packageReferences = (
				4A79807C2B0B55F800188957 /* XCRemoteSwiftPackageReference "firebase-ios-sdk" */,
			);
			productRefGroup = 4AA7783A2A5840F600FA3AEF /* Products */;
			projectDirPath = "";
			projectRoot = "";
			targets = (
				4AA778382A5840F600FA3AEF /* MessengerSwiftUI */,
			);
		};
/* End PBXProject section */

/* Begin PBXResourcesBuildPhase section */
		4AA778372A5840F600FA3AEF /* Resources */ = {
			isa = PBXResourcesBuildPhase;
			buildActionMask = 2147483647;
			files = (
				4AA778442A5840F700FA3AEF /* Preview Assets.xcassets in Resources */,
				4AA778412A5840F700FA3AEF /* Assets.xcassets in Resources */,
			);
			runOnlyForDeploymentPostprocessing = 0;
		};
/* End PBXResourcesBuildPhase section */

/* Begin PBXSourcesBuildPhase section */
		4AA778352A5840F600FA3AEF /* Sources */ = {
			isa = PBXSourcesBuildPhase;
			buildActionMask = 2147483647;
			files = (
				4A35A0892B039CA100A649DE /* InboxRowView.swift in Sources */,
				4A7980B02B0B645C00188957 /* InboxViewModel.swift in Sources */,
				4A7980A02B0B57E800188957 /* RegistrationViewModel.swift in Sources */,
				4A35A0912B03A4BA00A649DE /* ProfileView.swift in Sources */,
				4A35A08C2B03A00900A649DE /* NewMessageView.swift in Sources */,
				4A7980A82B0B5BCA00188957 /* ContentViewModel.swift in Sources */,
				4A70BC802AC1B07100BA1B2D /* LoginView.swift in Sources */,
				4A35A09D2B03B69600A649DE /* ChatView.swift in Sources */,
				4A7980A22B0B580C00188957 /* AuthService.swift in Sources */,
				4AA7783F2A5840F600FA3AEF /* ContentView.swift in Sources */,
				4A35A09F2B03B88F00A649DE /* ChatMessageCell.swift in Sources */,
				4A35A0A12B03BB7400A649DE /* ChatBubble.swift in Sources */,
				4A35A09A2B03B35000A649DE /* CircularProfileImageView.swift in Sources */,
				4A35A0842B039A8600A649DE /* InboxView.swift in Sources */,
				4A79809E2B0B57A000188957 /* LoginViewModel.swift in Sources */,
				4A7980AC2B0B61F200188957 /* UserService.swift in Sources */,
				4A35A0872B039B6000A649DE /* ActiveNowView.swift in Sources */,
				4A35A0952B03A78500A649DE /* ProfileViewModel.swift in Sources */,
				4A35A0972B03A97600A649DE /* User.swift in Sources */,
				4AA7783D2A5840F600FA3AEF /* MessengerSwiftUIApp.swift in Sources */,
				4A35A0932B03A4E900A649DE /* SettingsOptionsViewModel.swift in Sources */,
				4AA831492AC1B66C006513D8 /* RegistrationView.swift in Sources */,
			);
			runOnlyForDeploymentPostprocessing = 0;
		};
/* End PBXSourcesBuildPhase section */

/* Begin XCBuildConfiguration section */
		4AA778452A5840F700FA3AEF /* Debug */ = {
			isa = XCBuildConfiguration;
			buildSettings = {
				ALWAYS_SEARCH_USER_PATHS = NO;
				CLANG_ANALYZER_NONNULL = YES;
				CLANG_ANALYZER_NUMBER_OBJECT_CONVERSION = YES_AGGRESSIVE;
				CLANG_CXX_LANGUAGE_STANDARD = "gnu++20";
				CLANG_ENABLE_MODULES = YES;
				CLANG_ENABLE_OBJC_ARC = YES;
				CLANG_ENABLE_OBJC_WEAK = YES;
				CLANG_WARN_BLOCK_CAPTURE_AUTORELEASING = YES;
				CLANG_WARN_BOOL_CONVERSION = YES;
				CLANG_WARN_COMMA = YES;
				CLANG_WARN_CONSTANT_CONVERSION = YES;
				CLANG_WARN_DEPRECATED_OBJC_IMPLEMENTATIONS = YES;
				CLANG_WARN_DIRECT_OBJC_ISA_USAGE = YES_ERROR;
				CLANG_WARN_DOCUMENTATION_COMMENTS = YES;
				CLANG_WARN_EMPTY_BODY = YES;
				CLANG_WARN_ENUM_CONVERSION = YES;
				CLANG_WARN_INFINITE_RECURSION = YES;
				CLANG_WARN_INT_CONVERSION = YES;
				CLANG_WARN_NON_LITERAL_NULL_CONVERSION = YES;
				CLANG_WARN_OBJC_IMPLICIT_RETAIN_SELF = YES;
				CLANG_WARN_OBJC_LITERAL_CONVERSION = YES;
				CLANG_WARN_OBJC_ROOT_CLASS = YES_ERROR;
				CLANG_WARN_QUOTED_INCLUDE_IN_FRAMEWORK_HEADER = YES;
				CLANG_WARN_RANGE_LOOP_ANALYSIS = YES;
				CLANG_WARN_STRICT_PROTOTYPES = YES;
				CLANG_WARN_SUSPICIOUS_MOVE = YES;
				CLANG_WARN_UNGUARDED_AVAILABILITY = YES_AGGRESSIVE;
				CLANG_WARN_UNREACHABLE_CODE = YES;
				CLANG_WARN__DUPLICATE_METHOD_MATCH = YES;
				COPY_PHASE_STRIP = NO;
				DEBUG_INFORMATION_FORMAT = dwarf;
				ENABLE_STRICT_OBJC_MSGSEND = YES;
				ENABLE_TESTABILITY = YES;
				GCC_C_LANGUAGE_STANDARD = gnu11;
				GCC_DYNAMIC_NO_PIC = NO;
				GCC_NO_COMMON_BLOCKS = YES;
				GCC_OPTIMIZATION_LEVEL = 0;
				GCC_PREPROCESSOR_DEFINITIONS = (
					"DEBUG=1",
					"$(inherited)",
				);
				GCC_WARN_64_TO_32_BIT_CONVERSION = YES;
				GCC_WARN_ABOUT_RETURN_TYPE = YES_ERROR;
				GCC_WARN_UNDECLARED_SELECTOR = YES;
				GCC_WARN_UNINITIALIZED_AUTOS = YES_AGGRESSIVE;
				GCC_WARN_UNUSED_FUNCTION = YES;
				GCC_WARN_UNUSED_VARIABLE = YES;
				IPHONEOS_DEPLOYMENT_TARGET = 16.4;
				MTL_ENABLE_DEBUG_INFO = INCLUDE_SOURCE;
				MTL_FAST_MATH = YES;
				ONLY_ACTIVE_ARCH = YES;
				SDKROOT = iphoneos;
				SWIFT_ACTIVE_COMPILATION_CONDITIONS = DEBUG;
				SWIFT_OPTIMIZATION_LEVEL = "-Onone";
			};
			name = Debug;
		};
		4AA778462A5840F700FA3AEF /* Release */ = {
			isa = XCBuildConfiguration;
			buildSettings = {
				ALWAYS_SEARCH_USER_PATHS = NO;
				CLANG_ANALYZER_NONNULL = YES;
				CLANG_ANALYZER_NUMBER_OBJECT_CONVERSION = YES_AGGRESSIVE;
				CLANG_CXX_LANGUAGE_STANDARD = "gnu++20";
				CLANG_ENABLE_MODULES = YES;
				CLANG_ENABLE_OBJC_ARC = YES;
				CLANG_ENABLE_OBJC_WEAK = YES;
				CLANG_WARN_BLOCK_CAPTURE_AUTORELEASING = YES;
				CLANG_WARN_BOOL_CONVERSION = YES;
				CLANG_WARN_COMMA = YES;
				CLANG_WARN_CONSTANT_CONVERSION = YES;
				CLANG_WARN_DEPRECATED_OBJC_IMPLEMENTATIONS = YES;
				CLANG_WARN_DIRECT_OBJC_ISA_USAGE = YES_ERROR;
				CLANG_WARN_DOCUMENTATION_COMMENTS = YES;
				CLANG_WARN_EMPTY_BODY = YES;
				CLANG_WARN_ENUM_CONVERSION = YES;
				CLANG_WARN_INFINITE_RECURSION = YES;
				CLANG_WARN_INT_CONVERSION = YES;
				CLANG_WARN_NON_LITERAL_NULL_CONVERSION = YES;
				CLANG_WARN_OBJC_IMPLICIT_RETAIN_SELF = YES;
				CLANG_WARN_OBJC_LITERAL_CONVERSION = YES;
				CLANG_WARN_OBJC_ROOT_CLASS = YES_ERROR;
				CLANG_WARN_QUOTED_INCLUDE_IN_FRAMEWORK_HEADER = YES;
				CLANG_WARN_RANGE_LOOP_ANALYSIS = YES;
				CLANG_WARN_STRICT_PROTOTYPES = YES;
				CLANG_WARN_SUSPICIOUS_MOVE = YES;
				CLANG_WARN_UNGUARDED_AVAILABILITY = YES_AGGRESSIVE;
				CLANG_WARN_UNREACHABLE_CODE = YES;
				CLANG_WARN__DUPLICATE_METHOD_MATCH = YES;
				COPY_PHASE_STRIP = NO;
				DEBUG_INFORMATION_FORMAT = "dwarf-with-dsym";
				ENABLE_NS_ASSERTIONS = NO;
				ENABLE_STRICT_OBJC_MSGSEND = YES;
				GCC_C_LANGUAGE_STANDARD = gnu11;
				GCC_NO_COMMON_BLOCKS = YES;
				GCC_WARN_64_TO_32_BIT_CONVERSION = YES;
				GCC_WARN_ABOUT_RETURN_TYPE = YES_ERROR;
				GCC_WARN_UNDECLARED_SELECTOR = YES;
				GCC_WARN_UNINITIALIZED_AUTOS = YES_AGGRESSIVE;
				GCC_WARN_UNUSED_FUNCTION = YES;
				GCC_WARN_UNUSED_VARIABLE = YES;
				IPHONEOS_DEPLOYMENT_TARGET = 16.4;
				MTL_ENABLE_DEBUG_INFO = NO;
				MTL_FAST_MATH = YES;
				SDKROOT = iphoneos;
				SWIFT_COMPILATION_MODE = wholemodule;
				SWIFT_OPTIMIZATION_LEVEL = "-O";
				VALIDATE_PRODUCT = YES;
			};
			name = Release;
		};
		4AA778482A5840F700FA3AEF /* Debug */ = {
			isa = XCBuildConfiguration;
			buildSettings = {
				ASSETCATALOG_COMPILER_APPICON_NAME = AppIcon;
				ASSETCATALOG_COMPILER_GLOBAL_ACCENT_COLOR_NAME = AccentColor;
				CODE_SIGN_STYLE = Automatic;
				CURRENT_PROJECT_VERSION = 1;
				DEVELOPMENT_ASSET_PATHS = "\"MessengerSwiftUI/Preview Content\"";
				ENABLE_PREVIEWS = YES;
				GENERATE_INFOPLIST_FILE = YES;
				INFOPLIST_KEY_UIApplicationSceneManifest_Generation = YES;
				INFOPLIST_KEY_UIApplicationSupportsIndirectInputEvents = YES;
				INFOPLIST_KEY_UILaunchScreen_Generation = YES;
				INFOPLIST_KEY_UISupportedInterfaceOrientations_iPad = "UIInterfaceOrientationPortrait UIInterfaceOrientationPortraitUpsideDown UIInterfaceOrientationLandscapeLeft UIInterfaceOrientationLandscapeRight";
				INFOPLIST_KEY_UISupportedInterfaceOrientations_iPhone = "UIInterfaceOrientationPortrait UIInterfaceOrientationLandscapeLeft UIInterfaceOrientationLandscapeRight";
				LD_RUNPATH_SEARCH_PATHS = (
					"$(inherited)",
					"@executable_path/Frameworks",
				);
				MARKETING_VERSION = 1.0;
				PRODUCT_BUNDLE_IDENTIFIER = com.yetsdmr.MessengerSwiftUI;
				PRODUCT_NAME = "$(TARGET_NAME)";
				SWIFT_EMIT_LOC_STRINGS = YES;
				SWIFT_VERSION = 5.0;
				TARGETED_DEVICE_FAMILY = "1,2";
			};
			name = Debug;
		};
		4AA778492A5840F700FA3AEF /* Release */ = {
			isa = XCBuildConfiguration;
			buildSettings = {
				ASSETCATALOG_COMPILER_APPICON_NAME = AppIcon;
				ASSETCATALOG_COMPILER_GLOBAL_ACCENT_COLOR_NAME = AccentColor;
				CODE_SIGN_STYLE = Automatic;
				CURRENT_PROJECT_VERSION = 1;
				DEVELOPMENT_ASSET_PATHS = "\"MessengerSwiftUI/Preview Content\"";
				ENABLE_PREVIEWS = YES;
				GENERATE_INFOPLIST_FILE = YES;
				INFOPLIST_KEY_UIApplicationSceneManifest_Generation = YES;
				INFOPLIST_KEY_UIApplicationSupportsIndirectInputEvents = YES;
				INFOPLIST_KEY_UILaunchScreen_Generation = YES;
				INFOPLIST_KEY_UISupportedInterfaceOrientations_iPad = "UIInterfaceOrientationPortrait UIInterfaceOrientationPortraitUpsideDown UIInterfaceOrientationLandscapeLeft UIInterfaceOrientationLandscapeRight";
				INFOPLIST_KEY_UISupportedInterfaceOrientations_iPhone = "UIInterfaceOrientationPortrait UIInterfaceOrientationLandscapeLeft UIInterfaceOrientationLandscapeRight";
				LD_RUNPATH_SEARCH_PATHS = (
					"$(inherited)",
					"@executable_path/Frameworks",
				);
				MARKETING_VERSION = 1.0;
				PRODUCT_BUNDLE_IDENTIFIER = com.yetsdmr.MessengerSwiftUI;
				PRODUCT_NAME = "$(TARGET_NAME)";
				SWIFT_EMIT_LOC_STRINGS = YES;
				SWIFT_VERSION = 5.0;
				TARGETED_DEVICE_FAMILY = "1,2";
			};
			name = Release;
		};
/* End XCBuildConfiguration section */

/* Begin XCConfigurationList section */
		4AA778342A5840F600FA3AEF /* Build configuration list for PBXProject "MessengerSwiftUI" */ = {
			isa = XCConfigurationList;
			buildConfigurations = (
				4AA778452A5840F700FA3AEF /* Debug */,
				4AA778462A5840F700FA3AEF /* Release */,
			);
			defaultConfigurationIsVisible = 0;
			defaultConfigurationName = Release;
		};
		4AA778472A5840F700FA3AEF /* Build configuration list for PBXNativeTarget "MessengerSwiftUI" */ = {
			isa = XCConfigurationList;
			buildConfigurations = (
				4AA778482A5840F700FA3AEF /* Debug */,
				4AA778492A5840F700FA3AEF /* Release */,
			);
			defaultConfigurationIsVisible = 0;
			defaultConfigurationName = Release;
		};
/* End XCConfigurationList section */

/* Begin XCRemoteSwiftPackageReference section */
		4A79807C2B0B55F800188957 /* XCRemoteSwiftPackageReference "firebase-ios-sdk" */ = {
			isa = XCRemoteSwiftPackageReference;
			repositoryURL = "https://github.com/firebase/firebase-ios-sdk";
			requirement = {
				kind = upToNextMajorVersion;
				minimumVersion = 10.18.0;
			};
		};
/* End XCRemoteSwiftPackageReference section */

/* Begin XCSwiftPackageProductDependency section */
		4A79807D2B0B55F800188957 /* FirebaseAnalytics */ = {
			isa = XCSwiftPackageProductDependency;
			package = 4A79807C2B0B55F800188957 /* XCRemoteSwiftPackageReference "firebase-ios-sdk" */;
			productName = FirebaseAnalytics;
		};
		4A79807F2B0B55F800188957 /* FirebaseAnalyticsOnDeviceConversion */ = {
			isa = XCSwiftPackageProductDependency;
			package = 4A79807C2B0B55F800188957 /* XCRemoteSwiftPackageReference "firebase-ios-sdk" */;
			productName = FirebaseAnalyticsOnDeviceConversion;
		};
		4A7980812B0B55F800188957 /* FirebaseAnalyticsSwift */ = {
			isa = XCSwiftPackageProductDependency;
			package = 4A79807C2B0B55F800188957 /* XCRemoteSwiftPackageReference "firebase-ios-sdk" */;
			productName = FirebaseAnalyticsSwift;
		};
		4A7980832B0B55F800188957 /* FirebaseAnalyticsWithoutAdIdSupport */ = {
			isa = XCSwiftPackageProductDependency;
			package = 4A79807C2B0B55F800188957 /* XCRemoteSwiftPackageReference "firebase-ios-sdk" */;
			productName = FirebaseAnalyticsWithoutAdIdSupport;
		};
		4A7980852B0B55F800188957 /* FirebaseAppCheck */ = {
			isa = XCSwiftPackageProductDependency;
			package = 4A79807C2B0B55F800188957 /* XCRemoteSwiftPackageReference "firebase-ios-sdk" */;
			productName = FirebaseAppCheck;
		};
		4A7980872B0B55F800188957 /* FirebaseAppDistribution-Beta */ = {
			isa = XCSwiftPackageProductDependency;
			package = 4A79807C2B0B55F800188957 /* XCRemoteSwiftPackageReference "firebase-ios-sdk" */;
			productName = "FirebaseAppDistribution-Beta";
		};
		4A7980892B0B55F800188957 /* FirebaseAuth */ = {
			isa = XCSwiftPackageProductDependency;
			package = 4A79807C2B0B55F800188957 /* XCRemoteSwiftPackageReference "firebase-ios-sdk" */;
			productName = FirebaseAuth;
		};
		4A79808B2B0B55F800188957 /* FirebaseAuthCombine-Community */ = {
			isa = XCSwiftPackageProductDependency;
			package = 4A79807C2B0B55F800188957 /* XCRemoteSwiftPackageReference "firebase-ios-sdk" */;
			productName = "FirebaseAuthCombine-Community";
		};
		4A79808D2B0B55F800188957 /* FirebaseCrashlytics */ = {
			isa = XCSwiftPackageProductDependency;
			package = 4A79807C2B0B55F800188957 /* XCRemoteSwiftPackageReference "firebase-ios-sdk" */;
			productName = FirebaseCrashlytics;
		};
		4A79808F2B0B55F800188957 /* FirebaseDatabase */ = {
			isa = XCSwiftPackageProductDependency;
			package = 4A79807C2B0B55F800188957 /* XCRemoteSwiftPackageReference "firebase-ios-sdk" */;
			productName = FirebaseDatabase;
		};
		4A7980912B0B55F800188957 /* FirebaseDatabaseSwift */ = {
			isa = XCSwiftPackageProductDependency;
			package = 4A79807C2B0B55F800188957 /* XCRemoteSwiftPackageReference "firebase-ios-sdk" */;
			productName = FirebaseDatabaseSwift;
		};
		4A7980932B0B55F800188957 /* FirebaseFirestore */ = {
			isa = XCSwiftPackageProductDependency;
			package = 4A79807C2B0B55F800188957 /* XCRemoteSwiftPackageReference "firebase-ios-sdk" */;
			productName = FirebaseFirestore;
		};
		4A7980952B0B55F800188957 /* FirebaseFirestoreSwift */ = {
			isa = XCSwiftPackageProductDependency;
			package = 4A79807C2B0B55F800188957 /* XCRemoteSwiftPackageReference "firebase-ios-sdk" */;
			productName = FirebaseFirestoreSwift;
		};
		4A7980972B0B55F800188957 /* FirebaseStorage */ = {
			isa = XCSwiftPackageProductDependency;
			package = 4A79807C2B0B55F800188957 /* XCRemoteSwiftPackageReference "firebase-ios-sdk" */;
			productName = FirebaseStorage;
		};
/* End XCSwiftPackageProductDependency section */
	};
	rootObject = 4AA778312A5840F600FA3AEF /* Project object */;
}
